
Microsoft Visual Studio Solution File, Format Version 12.00
# Visual Studio Version 16
VisualStudioVersion = 16.0.31112.23
MinimumVisualStudioVersion = 10.0.40219.1
Project("{888888A0-9F3D-457C-B088-3A5042F75D52}") = "Authirisotsioon", "Authirisotsioon.pyproj", "{04C9BCBE-600C-47FC-A795-3DE1170E5FAE}"
EndProject
Global
	GlobalSection(SolutionConfigurationPlatforms) = preSolution
		Debug|Any CPU = Debug|Any CPU
		Release|Any CPU = Release|Any CPU
	EndGlobalSection
	GlobalSection(ProjectConfigurationPlatforms) = postSolution
		{04C9BCBE-600C-47FC-A795-3DE1170E5FAE}.Debug|Any CPU.ActiveCfg = Debug|Any CPU
		{04C9BCBE-600C-47FC-A795-3DE1170E5FAE}.Release|Any CPU.ActiveCfg = Release|Any CPU
	EndGlobalSection
	GlobalSection(SolutionProperties) = preSolution
		HideSolutionNode = FALSE
	EndGlobalSection
	GlobalSection(ExtensibilityGlobals) = postSolution
		SolutionGuid = {886F4393-8E70-4974-B67D-61BDDE171524}
	EndGlobalSection
EndGlobal
